
Microsoft Visual Studio Solution File, Format Version 12.00
# Visual Studio Version 17
VisualStudioVersion = 17.14.36408.4
MinimumVisualStudioVersion = 10.0.40219.1
Project("{F184B08F-C81C-45F6-A57F-5ABD9991F28F}") = "Infográfico", "Infográfico.vbproj", "{280BA062-AFBF-4A22-AE72-87154016FB4B}"
EndProject
Project("{2150E333-8FDC-42A3-9474-1A3956D46DE8}") = "Solution Items", "Solution Items", "{8EC462FD-D22E-90A8-E5CE-7E832BA40C5D}"
	ProjectSection(SolutionItems) = preProject
		index.html = index.html
	EndProjectSection
EndProject
Project("{2150E333-8FDC-42A3-9474-1A3956D46DE8}") = "assets", "assets", "{02EA681E-C7D8-13C7-8484-4AC65E1B71E8}"
	ProjectSection(SolutionItems) = preProject
		assets\implantação.png = assets\implantação.png
		assets\implementation.png = assets\implementation.png
		assets\manutencao.png = assets\manutencao.png
		assets\planejamento.png = assets\planejamento.png
		assets\projeto.png = assets\projeto.png
		assets\Script1.js = assets\Script1.js
		assets\StyleSheet1.css = assets\StyleSheet1.css
		assets\teste.png = assets\teste.png
	EndProjectSection
EndProject
Global
	GlobalSection(SolutionConfigurationPlatforms) = preSolution
		Debug|Any CPU = Debug|Any CPU
		Release|Any CPU = Release|Any CPU
	EndGlobalSection
	GlobalSection(ProjectConfigurationPlatforms) = postSolution
		{280BA062-AFBF-4A22-AE72-87154016FB4B}.Debug|Any CPU.ActiveCfg = Debug|Any CPU
		{280BA062-AFBF-4A22-AE72-87154016FB4B}.Debug|Any CPU.Build.0 = Debug|Any CPU
		{280BA062-AFBF-4A22-AE72-87154016FB4B}.Release|Any CPU.ActiveCfg = Release|Any CPU
		{280BA062-AFBF-4A22-AE72-87154016FB4B}.Release|Any CPU.Build.0 = Release|Any CPU
	EndGlobalSection
	GlobalSection(SolutionProperties) = preSolution
		HideSolutionNode = FALSE
	EndGlobalSection
	GlobalSection(NestedProjects) = preSolution
		{02EA681E-C7D8-13C7-8484-4AC65E1B71E8} = {8EC462FD-D22E-90A8-E5CE-7E832BA40C5D}
	EndGlobalSection
	GlobalSection(ExtensibilityGlobals) = postSolution
		SolutionGuid = {B8250E80-436E-4CCC-B3C5-01F84A575BCE}
	EndGlobalSection
EndGlobal
